
Microsoft Visual Studio Solution File, Format Version 12.00
# Visual Studio Version 17
VisualStudioVersion = 17.9.34728.123
MinimumVisualStudioVersion = 10.0.40219.1
Project("{FAE04EC0-301F-11D3-BF4B-00C04F79EFBC}") = "FinalProyect", "FinalProyect\FinalProyect.csproj", "{118FEA16-A73E-407A-A5FE-87509DFFDB87}"
EndProject
Global
	GlobalSection(SolutionConfigurationPlatforms) = preSolution
		Debug|Any CPU = Debug|Any CPU
		Release|Any CPU = Release|Any CPU
	EndGlobalSection
	GlobalSection(ProjectConfigurationPlatforms) = postSolution
		{118FEA16-A73E-407A-A5FE-87509DFFDB87}.Debug|Any CPU.ActiveCfg = Debug|Any CPU
		{118FEA16-A73E-407A-A5FE-87509DFFDB87}.Debug|Any CPU.Build.0 = Debug|Any CPU
		{118FEA16-A73E-407A-A5FE-87509DFFDB87}.Release|Any CPU.ActiveCfg = Release|Any CPU
		{118FEA16-A73E-407A-A5FE-87509DFFDB87}.Release|Any CPU.Build.0 = Release|Any CPU
	EndGlobalSection
	GlobalSection(SolutionProperties) = preSolution
		HideSolutionNode = FALSE
	EndGlobalSection
	GlobalSection(ExtensibilityGlobals) = postSolution
		SolutionGuid = {2720EA4E-6097-4BB7-B314-1045D8699EA9}
	EndGlobalSection
EndGlobal
